// !$*UTF8*$!
{
	archiveVersion = 1;
	classes = {
	};
	objectVersion = 55;
	objects = {

/* Begin PBXBuildFile section */
		73196291288808C4009C051D /* Bar.swift in Sources */ = {isa = PBXBuildFile; fileRef = 73196290288808C4009C051D /* Bar.swift */; };
		731962EB28884691009C051D /* AAInfographics in Frameworks */ = {isa = PBXBuildFile; productRef = 731962EA28884691009C051D /* AAInfographics */; };
		733523B82886988E007C0598 /* HistoryListView.swift in Sources */ = {isa = PBXBuildFile; fileRef = 733523B42886988E007C0598 /* HistoryListView.swift */; };
		733523B92886988E007C0598 /* HistoryRow.swift in Sources */ = {isa = PBXBuildFile; fileRef = 733523B52886988E007C0598 /* HistoryRow.swift */; };
		733523BC288698A7007C0598 /* History.swift in Sources */ = {isa = PBXBuildFile; fileRef = 733523BB288698A7007C0598 /* History.swift */; };
		733523C02886A453007C0598 /* HistoryTransView.swift in Sources */ = {isa = PBXBuildFile; fileRef = 733523BF2886A453007C0598 /* HistoryTransView.swift */; };
		7345E4AF288942B800C085EF /* testView.swift in Sources */ = {isa = PBXBuildFile; fileRef = 7345E4AE288942B800C085EF /* testView.swift */; };
		7345E4B12889430400C085EF /* ChartView.swift in Sources */ = {isa = PBXBuildFile; fileRef = 7345E4B02889430400C085EF /* ChartView.swift */; };
		7345E4B3288943EF00C085EF /* Chart.swift in Sources */ = {isa = PBXBuildFile; fileRef = 7345E4B2288943EF00C085EF /* Chart.swift */; };
		7397482D288A97230052E07A /* CreateAdminAccoutScreen.swift in Sources */ = {isa = PBXBuildFile; fileRef = 7397482C288A97230052E07A /* CreateAdminAccoutScreen.swift */; };
		771880B0288605630061C3B1 /* SignUpScreen.swift in Sources */ = {isa = PBXBuildFile; fileRef = 771880AF288605630061C3B1 /* SignUpScreen.swift */; };
		771880B2288616EC0061C3B1 /* SignUpViewModel.swift in Sources */ = {isa = PBXBuildFile; fileRef = 771880B1288616EC0061C3B1 /* SignUpViewModel.swift */; };
		771880B5288750B80061C3B1 /* JWTDecode in Frameworks */ = {isa = PBXBuildFile; productRef = 771880B4288750B80061C3B1 /* JWTDecode */; };
		77360F40288AB3E0008E3FAB /* CodeScanner in Frameworks */ = {isa = PBXBuildFile; productRef = 77360F3F288AB3E0008E3FAB /* CodeScanner */; };
		77594D61288AB0F700104F06 /* ScanScreen.swift in Sources */ = {isa = PBXBuildFile; fileRef = 77594D60288AB0F700104F06 /* ScanScreen.swift */; };
		77594D63288AB11B00104F06 /* ScannedItem.swift in Sources */ = {isa = PBXBuildFile; fileRef = 77594D62288AB11B00104F06 /* ScannedItem.swift */; };
		77594D65288AB14700104F06 /* HistoryItemRowView.swift in Sources */ = {isa = PBXBuildFile; fileRef = 77594D64288AB14700104F06 /* HistoryItemRowView.swift */; };
		77594D67288AB16300104F06 /* CreateHistory.swift in Sources */ = {isa = PBXBuildFile; fileRef = 77594D66288AB16300104F06 /* CreateHistory.swift */; };
		776A4E612859E6D0009B6FE6 /* Webservice.swift in Sources */ = {isa = PBXBuildFile; fileRef = 776A4E602859E6D0009B6FE6 /* Webservice.swift */; };
		776A4E632859ECB5009B6FE6 /* User.swift in Sources */ = {isa = PBXBuildFile; fileRef = 776A4E622859ECB5009B6FE6 /* User.swift */; };
		776A4E652859EF1F009B6FE6 /* LoginViewModel.swift in Sources */ = {isa = PBXBuildFile; fileRef = 776A4E642859EF1F009B6FE6 /* LoginViewModel.swift */; };
		77AD4A512884599F00134BF7 /* ProfileViewModel.swift in Sources */ = {isa = PBXBuildFile; fileRef = 77AD4A502884599F00134BF7 /* ProfileViewModel.swift */; };
		77AD4A53288459D500134BF7 /* UserProfile.swift in Sources */ = {isa = PBXBuildFile; fileRef = 77AD4A52288459D500134BF7 /* UserProfile.swift */; };
		77B54F2D285AAFD500217CD3 /* LoginScreen.swift in Sources */ = {isa = PBXBuildFile; fileRef = 77B54F2C285AAFD500217CD3 /* LoginScreen.swift */; };
		77C5961B285939B60086C25E /* StartScreen.swift in Sources */ = {isa = PBXBuildFile; fileRef = 77C5961A285939B60086C25E /* StartScreen.swift */; };
		77C5961D285939EE0086C25E /* ProfileScreen.swift in Sources */ = {isa = PBXBuildFile; fileRef = 77C5961C285939EE0086C25E /* ProfileScreen.swift */; };
		D731179A2885522A00FD6997 /* ChargeMoneyScreen.swift in Sources */ = {isa = PBXBuildFile; fileRef = D73117992885522A00FD6997 /* ChargeMoneyScreen.swift */; };
		D731179C28855CEF00FD6997 /* ShowAllUserScreen.swift in Sources */ = {isa = PBXBuildFile; fileRef = D731179B28855CEF00FD6997 /* ShowAllUserScreen.swift */; };
		D731179F2885924800FD6997 /* MainScreenAdmin.swift in Sources */ = {isa = PBXBuildFile; fileRef = D731179D2885924800FD6997 /* MainScreenAdmin.swift */; };
		D73117A02885924800FD6997 /* MainScreen.swift in Sources */ = {isa = PBXBuildFile; fileRef = D731179E2885924800FD6997 /* MainScreen.swift */; };
		D73640532889521C0076FC8B /* UserImageView.swift in Sources */ = {isa = PBXBuildFile; fileRef = D73640522889521C0076FC8B /* UserImageView.swift */; };
		D739785D285BA5BC000B7DC6 /* OrderScreen.swift in Sources */ = {isa = PBXBuildFile; fileRef = D739785C285BA5BC000B7DC6 /* OrderScreen.swift */; };
		D745480828786C080074EC74 /* Order.swift in Sources */ = {isa = PBXBuildFile; fileRef = D745480728786C080074EC74 /* Order.swift */; };
		D745480A28786D0B0074EC74 /* OrderViewModel.swift in Sources */ = {isa = PBXBuildFile; fileRef = D745480928786D0B0074EC74 /* OrderViewModel.swift */; };
		D74C36EE28776AFC00510E18 /* ModelData.swift in Sources */ = {isa = PBXBuildFile; fileRef = D74C36ED28776AFC00510E18 /* ModelData.swift */; };
		D74C36F028776B0A00510E18 /* UpdateItem.swift in Sources */ = {isa = PBXBuildFile; fileRef = D74C36EF28776B0A00510E18 /* UpdateItem.swift */; };
		D74C36F228776B2000510E18 /* Item.swift in Sources */ = {isa = PBXBuildFile; fileRef = D74C36F128776B2000510E18 /* Item.swift */; };
		D74C36F428776B2E00510E18 /* AddNewItemView.swift in Sources */ = {isa = PBXBuildFile; fileRef = D74C36F328776B2E00510E18 /* AddNewItemView.swift */; };
		D74C36F728776B4000510E18 /* EditItemRow.swift in Sources */ = {isa = PBXBuildFile; fileRef = D74C36F528776B4000510E18 /* EditItemRow.swift */; };
		D74C36F828776B4000510E18 /* EditItemListView.swift in Sources */ = {isa = PBXBuildFile; fileRef = D74C36F628776B4000510E18 /* EditItemListView.swift */; };
		D74C36FC28776BB100510E18 /* EditItemView.swift in Sources */ = {isa = PBXBuildFile; fileRef = D74C36FB28776BB100510E18 /* EditItemView.swift */; };
		D7B8F605285950BE0056B38D /* BookingView.swift in Sources */ = {isa = PBXBuildFile; fileRef = D7B8F604285950BE0056B38D /* BookingView.swift */; };
		D7BED2AC288844C000B83D17 /* CoffeeImageView.swift in Sources */ = {isa = PBXBuildFile; fileRef = D7BED2AB288844C000B83D17 /* CoffeeImageView.swift */; };
		D7EC684A2886C24C001C3D08 /* SendMoneyView.swift in Sources */ = {isa = PBXBuildFile; fileRef = D7EC68492886C24C001C3D08 /* SendMoneyView.swift */; };
		D7EC684E2886EB56001C3D08 /* GeneralButtonStyle.swift in Sources */ = {isa = PBXBuildFile; fileRef = D7EC684D2886EB56001C3D08 /* GeneralButtonStyle.swift */; };
		F77D480328254C8E00A898D4 /* kitchenAppApp.swift in Sources */ = {isa = PBXBuildFile; fileRef = F77D480228254C8E00A898D4 /* kitchenAppApp.swift */; };
		F77D480528254C8E00A898D4 /* ContentView.swift in Sources */ = {isa = PBXBuildFile; fileRef = F77D480428254C8E00A898D4 /* ContentView.swift */; };
		F77D480728254C8F00A898D4 /* Assets.xcassets in Resources */ = {isa = PBXBuildFile; fileRef = F77D480628254C8F00A898D4 /* Assets.xcassets */; };
		F77D480A28254C8F00A898D4 /* Preview Assets.xcassets in Resources */ = {isa = PBXBuildFile; fileRef = F77D480928254C8F00A898D4 /* Preview Assets.xcassets */; };
		F77D481428254C8F00A898D4 /* kitchenAppTests.swift in Sources */ = {isa = PBXBuildFile; fileRef = F77D481328254C8F00A898D4 /* kitchenAppTests.swift */; };
		F77D481E28254C8F00A898D4 /* kitchenAppUITests.swift in Sources */ = {isa = PBXBuildFile; fileRef = F77D481D28254C8F00A898D4 /* kitchenAppUITests.swift */; };
		F77D482028254C8F00A898D4 /* kitchenAppUITestsLaunchTests.swift in Sources */ = {isa = PBXBuildFile; fileRef = F77D481F28254C8F00A898D4 /* kitchenAppUITestsLaunchTests.swift */; };
/* End PBXBuildFile section */

/* Begin PBXContainerItemProxy section */
		F77D481028254C8F00A898D4 /* PBXContainerItemProxy */ = {
			isa = PBXContainerItemProxy;
			containerPortal = F77D47F728254C8E00A898D4 /* Project object */;
			proxyType = 1;
			remoteGlobalIDString = F77D47FE28254C8E00A898D4;
			remoteInfo = kitchenApp;
		};
		F77D481A28254C8F00A898D4 /* PBXContainerItemProxy */ = {
			isa = PBXContainerItemProxy;
			containerPortal = F77D47F728254C8E00A898D4 /* Project object */;
			proxyType = 1;
			remoteGlobalIDString = F77D47FE28254C8E00A898D4;
			remoteInfo = kitchenApp;
		};
/* End PBXContainerItemProxy section */

/* Begin PBXFileReference section */
		73196290288808C4009C051D /* Bar.swift */ = {isa = PBXFileReference; lastKnownFileType = sourcecode.swift; path = Bar.swift; sourceTree = "<group>"; };
		733523B42886988E007C0598 /* HistoryListView.swift */ = {isa = PBXFileReference; fileEncoding = 4; lastKnownFileType = sourcecode.swift; path = HistoryListView.swift; sourceTree = "<group>"; };
		733523B52886988E007C0598 /* HistoryRow.swift */ = {isa = PBXFileReference; fileEncoding = 4; lastKnownFileType = sourcecode.swift; path = HistoryRow.swift; sourceTree = "<group>"; };
		733523BB288698A7007C0598 /* History.swift */ = {isa = PBXFileReference; fileEncoding = 4; lastKnownFileType = sourcecode.swift; name = History.swift; path = kitchenApp/Models/History.swift; sourceTree = SOURCE_ROOT; };
		733523BF2886A453007C0598 /* HistoryTransView.swift */ = {isa = PBXFileReference; lastKnownFileType = sourcecode.swift; path = HistoryTransView.swift; sourceTree = "<group>"; };
		7345E4AE288942B800C085EF /* testView.swift */ = {isa = PBXFileReference; lastKnownFileType = sourcecode.swift; path = testView.swift; sourceTree = "<group>"; };
		7345E4B02889430400C085EF /* ChartView.swift */ = {isa = PBXFileReference; lastKnownFileType = sourcecode.swift; path = ChartView.swift; sourceTree = "<group>"; };
		7345E4B2288943EF00C085EF /* Chart.swift */ = {isa = PBXFileReference; lastKnownFileType = sourcecode.swift; path = Chart.swift; sourceTree = "<group>"; };
		7397482C288A97230052E07A /* CreateAdminAccoutScreen.swift */ = {isa = PBXFileReference; lastKnownFileType = sourcecode.swift; path = CreateAdminAccoutScreen.swift; sourceTree = "<group>"; };
		771880AF288605630061C3B1 /* SignUpScreen.swift */ = {isa = PBXFileReference; lastKnownFileType = sourcecode.swift; path = SignUpScreen.swift; sourceTree = "<group>"; };
		771880B1288616EC0061C3B1 /* SignUpViewModel.swift */ = {isa = PBXFileReference; lastKnownFileType = sourcecode.swift; path = SignUpViewModel.swift; sourceTree = "<group>"; };
		77594D60288AB0F700104F06 /* ScanScreen.swift */ = {isa = PBXFileReference; fileEncoding = 4; lastKnownFileType = sourcecode.swift; name = ScanScreen.swift; path = kitchenApp/Scan/ScanScreen.swift; sourceTree = SOURCE_ROOT; };
		77594D62288AB11B00104F06 /* ScannedItem.swift */ = {isa = PBXFileReference; fileEncoding = 4; lastKnownFileType = sourcecode.swift; name = ScannedItem.swift; path = kitchenApp/Models/ScannedItem.swift; sourceTree = SOURCE_ROOT; };
		77594D64288AB14700104F06 /* HistoryItemRowView.swift */ = {isa = PBXFileReference; fileEncoding = 4; lastKnownFileType = sourcecode.swift; name = HistoryItemRowView.swift; path = "kitchenApp/Views/Transaction History/HistoryItemRowView.swift"; sourceTree = SOURCE_ROOT; };
		77594D66288AB16300104F06 /* CreateHistory.swift */ = {isa = PBXFileReference; fileEncoding = 4; lastKnownFileType = sourcecode.swift; name = CreateHistory.swift; path = kitchenApp/Services/CreateHistory.swift; sourceTree = SOURCE_ROOT; };
		776A4E602859E6D0009B6FE6 /* Webservice.swift */ = {isa = PBXFileReference; lastKnownFileType = sourcecode.swift; path = Webservice.swift; sourceTree = "<group>"; };
		776A4E622859ECB5009B6FE6 /* User.swift */ = {isa = PBXFileReference; lastKnownFileType = sourcecode.swift; path = User.swift; sourceTree = "<group>"; };
		776A4E642859EF1F009B6FE6 /* LoginViewModel.swift */ = {isa = PBXFileReference; lastKnownFileType = sourcecode.swift; path = LoginViewModel.swift; sourceTree = "<group>"; };
		77AD4A502884599F00134BF7 /* ProfileViewModel.swift */ = {isa = PBXFileReference; lastKnownFileType = sourcecode.swift; path = ProfileViewModel.swift; sourceTree = "<group>"; };
		77AD4A52288459D500134BF7 /* UserProfile.swift */ = {isa = PBXFileReference; lastKnownFileType = sourcecode.swift; path = UserProfile.swift; sourceTree = "<group>"; };
		77B54F2C285AAFD500217CD3 /* LoginScreen.swift */ = {isa = PBXFileReference; lastKnownFileType = sourcecode.swift; path = LoginScreen.swift; sourceTree = "<group>"; };
		77C5961A285939B60086C25E /* StartScreen.swift */ = {isa = PBXFileReference; lastKnownFileType = sourcecode.swift; path = StartScreen.swift; sourceTree = "<group>"; };
		77C5961C285939EE0086C25E /* ProfileScreen.swift */ = {isa = PBXFileReference; lastKnownFileType = sourcecode.swift; path = ProfileScreen.swift; sourceTree = "<group>"; };
		D73117992885522A00FD6997 /* ChargeMoneyScreen.swift */ = {isa = PBXFileReference; lastKnownFileType = sourcecode.swift; path = ChargeMoneyScreen.swift; sourceTree = "<group>"; };
		D731179B28855CEF00FD6997 /* ShowAllUserScreen.swift */ = {isa = PBXFileReference; lastKnownFileType = sourcecode.swift; path = ShowAllUserScreen.swift; sourceTree = "<group>"; };
		D731179D2885924800FD6997 /* MainScreenAdmin.swift */ = {isa = PBXFileReference; fileEncoding = 4; lastKnownFileType = sourcecode.swift; path = MainScreenAdmin.swift; sourceTree = "<group>"; };
		D731179E2885924800FD6997 /* MainScreen.swift */ = {isa = PBXFileReference; fileEncoding = 4; lastKnownFileType = sourcecode.swift; path = MainScreen.swift; sourceTree = "<group>"; };
		D73640522889521C0076FC8B /* UserImageView.swift */ = {isa = PBXFileReference; fileEncoding = 4; lastKnownFileType = sourcecode.swift; path = UserImageView.swift; sourceTree = "<group>"; };
		D739785C285BA5BC000B7DC6 /* OrderScreen.swift */ = {isa = PBXFileReference; lastKnownFileType = sourcecode.swift; path = OrderScreen.swift; sourceTree = "<group>"; };
		D745480728786C080074EC74 /* Order.swift */ = {isa = PBXFileReference; fileEncoding = 4; lastKnownFileType = sourcecode.swift; path = Order.swift; sourceTree = "<group>"; };
		D745480928786D0B0074EC74 /* OrderViewModel.swift */ = {isa = PBXFileReference; lastKnownFileType = sourcecode.swift; path = OrderViewModel.swift; sourceTree = "<group>"; };
		D74C36ED28776AFC00510E18 /* ModelData.swift */ = {isa = PBXFileReference; fileEncoding = 4; lastKnownFileType = sourcecode.swift; path = ModelData.swift; sourceTree = "<group>"; };
		D74C36EF28776B0A00510E18 /* UpdateItem.swift */ = {isa = PBXFileReference; fileEncoding = 4; lastKnownFileType = sourcecode.swift; path = UpdateItem.swift; sourceTree = "<group>"; };
		D74C36F128776B2000510E18 /* Item.swift */ = {isa = PBXFileReference; fileEncoding = 4; lastKnownFileType = sourcecode.swift; path = Item.swift; sourceTree = "<group>"; };
		D74C36F328776B2E00510E18 /* AddNewItemView.swift */ = {isa = PBXFileReference; fileEncoding = 4; lastKnownFileType = sourcecode.swift; path = AddNewItemView.swift; sourceTree = "<group>"; };
		D74C36F528776B4000510E18 /* EditItemRow.swift */ = {isa = PBXFileReference; fileEncoding = 4; lastKnownFileType = sourcecode.swift; path = EditItemRow.swift; sourceTree = "<group>"; };
		D74C36F628776B4000510E18 /* EditItemListView.swift */ = {isa = PBXFileReference; fileEncoding = 4; lastKnownFileType = sourcecode.swift; path = EditItemListView.swift; sourceTree = "<group>"; };
		D74C36FB28776BB100510E18 /* EditItemView.swift */ = {isa = PBXFileReference; fileEncoding = 4; lastKnownFileType = sourcecode.swift; path = EditItemView.swift; sourceTree = "<group>"; };
		D7B8F604285950BE0056B38D /* BookingView.swift */ = {isa = PBXFileReference; lastKnownFileType = sourcecode.swift; path = BookingView.swift; sourceTree = "<group>"; };
		D7BED2AB288844C000B83D17 /* CoffeeImageView.swift */ = {isa = PBXFileReference; fileEncoding = 4; lastKnownFileType = sourcecode.swift; path = CoffeeImageView.swift; sourceTree = "<group>"; };
		D7EC68492886C24C001C3D08 /* SendMoneyView.swift */ = {isa = PBXFileReference; lastKnownFileType = sourcecode.swift; path = SendMoneyView.swift; sourceTree = "<group>"; };
		D7EC684D2886EB56001C3D08 /* GeneralButtonStyle.swift */ = {isa = PBXFileReference; fileEncoding = 4; lastKnownFileType = sourcecode.swift; path = GeneralButtonStyle.swift; sourceTree = "<group>"; };
		F77D47FF28254C8E00A898D4 /* kitchenApp.app */ = {isa = PBXFileReference; explicitFileType = wrapper.application; includeInIndex = 0; path = kitchenApp.app; sourceTree = BUILT_PRODUCTS_DIR; };
		F77D480228254C8E00A898D4 /* kitchenAppApp.swift */ = {isa = PBXFileReference; lastKnownFileType = sourcecode.swift; path = kitchenAppApp.swift; sourceTree = "<group>"; };
		F77D480428254C8E00A898D4 /* ContentView.swift */ = {isa = PBXFileReference; lastKnownFileType = sourcecode.swift; path = ContentView.swift; sourceTree = "<group>"; };
		F77D480628254C8F00A898D4 /* Assets.xcassets */ = {isa = PBXFileReference; lastKnownFileType = folder.assetcatalog; path = Assets.xcassets; sourceTree = "<group>"; };
		F77D480928254C8F00A898D4 /* Preview Assets.xcassets */ = {isa = PBXFileReference; lastKnownFileType = folder.assetcatalog; path = "Preview Assets.xcassets"; sourceTree = "<group>"; };
		F77D480F28254C8F00A898D4 /* kitchenAppTests.xctest */ = {isa = PBXFileReference; explicitFileType = wrapper.cfbundle; includeInIndex = 0; path = kitchenAppTests.xctest; sourceTree = BUILT_PRODUCTS_DIR; };
		F77D481328254C8F00A898D4 /* kitchenAppTests.swift */ = {isa = PBXFileReference; lastKnownFileType = sourcecode.swift; path = kitchenAppTests.swift; sourceTree = "<group>"; };
		F77D481928254C8F00A898D4 /* kitchenAppUITests.xctest */ = {isa = PBXFileReference; explicitFileType = wrapper.cfbundle; includeInIndex = 0; path = kitchenAppUITests.xctest; sourceTree = BUILT_PRODUCTS_DIR; };
		F77D481D28254C8F00A898D4 /* kitchenAppUITests.swift */ = {isa = PBXFileReference; lastKnownFileType = sourcecode.swift; path = kitchenAppUITests.swift; sourceTree = "<group>"; };
		F77D481F28254C8F00A898D4 /* kitchenAppUITestsLaunchTests.swift */ = {isa = PBXFileReference; lastKnownFileType = sourcecode.swift; path = kitchenAppUITestsLaunchTests.swift; sourceTree = "<group>"; };
/* End PBXFileReference section */

/* Begin PBXFrameworksBuildPhase section */
		F77D47FC28254C8E00A898D4 /* Frameworks */ = {
			isa = PBXFrameworksBuildPhase;
			buildActionMask = 2147483647;
			files = (
				771880B5288750B80061C3B1 /* JWTDecode in Frameworks */,
				731962EB28884691009C051D /* AAInfographics in Frameworks */,
				77360F40288AB3E0008E3FAB /* CodeScanner in Frameworks */,
			);
			runOnlyForDeploymentPostprocessing = 0;
		};
		F77D480C28254C8F00A898D4 /* Frameworks */ = {
			isa = PBXFrameworksBuildPhase;
			buildActionMask = 2147483647;
			files = (
			);
			runOnlyForDeploymentPostprocessing = 0;
		};
		F77D481628254C8F00A898D4 /* Frameworks */ = {
			isa = PBXFrameworksBuildPhase;
			buildActionMask = 2147483647;
			files = (
			);
			runOnlyForDeploymentPostprocessing = 0;
		};
/* End PBXFrameworksBuildPhase section */

/* Begin PBXGroup section */
		7345E4B428894CBE00C085EF /* Statistic */ = {
			isa = PBXGroup;
			children = (
				7345E4B2288943EF00C085EF /* Chart.swift */,
				7345E4B02889430400C085EF /* ChartView.swift */,
				7345E4AE288942B800C085EF /* testView.swift */,
			);
			path = Statistic;
			sourceTree = "<group>";
		};
		776A4E5D2859DBD4009B6FE6 /* Models */ = {
			isa = PBXGroup;
			children = (
				733523BB288698A7007C0598 /* History.swift */,
				D745480728786C080074EC74 /* Order.swift */,
				D74C36F128776B2000510E18 /* Item.swift */,
				776A4E622859ECB5009B6FE6 /* User.swift */,
				77AD4A52288459D500134BF7 /* UserProfile.swift */,
				73196290288808C4009C051D /* Bar.swift */,
			);
			path = Models;
			sourceTree = "<group>";
		};
		776A4E5E2859DBE1009B6FE6 /* ViewModels */ = {
			isa = PBXGroup;
			children = (
				776A4E642859EF1F009B6FE6 /* LoginViewModel.swift */,
				77594D66288AB16300104F06 /* CreateHistory.swift */,
				77594D64288AB14700104F06 /* HistoryItemRowView.swift */,
				77594D62288AB11B00104F06 /* ScannedItem.swift */,
				77594D60288AB0F700104F06 /* ScanScreen.swift */,
				D745480928786D0B0074EC74 /* OrderViewModel.swift */,
				77AD4A502884599F00134BF7 /* ProfileViewModel.swift */,
				771880B1288616EC0061C3B1 /* SignUpViewModel.swift */,
			);
			path = ViewModels;
			sourceTree = "<group>";
		};
		776A4E5F2859E66F009B6FE6 /* Services */ = {
			isa = PBXGroup;
			children = (
				D74C36EF28776B0A00510E18 /* UpdateItem.swift */,
				D74C36ED28776AFC00510E18 /* ModelData.swift */,
				776A4E602859E6D0009B6FE6 /* Webservice.swift */,
			);
			path = Services;
			sourceTree = "<group>";
		};
		77C5962028593DBD0086C25E /* Views */ = {
			isa = PBXGroup;
			children = (
				7345E4B428894CBE00C085EF /* Statistic */,
				D7EC68572886EDF3001C3D08 /* Utillities */,
				D7EC68562886EDDD001C3D08 /* Transactions */,
				D7EC68552886EDC6001C3D08 /* Booking */,
				D7EC68542886EDA6001C3D08 /* Edit Item */,
				D7EC68532886ED8E001C3D08 /* Transaction History */,
				D7EC68512886ED55001C3D08 /* Profile */,
				D7EC68502886ED37001C3D08 /* MainMenu */,
				D7EC684F2886ECFD001C3D08 /* Start & Login */,
			);
			path = Views;
			sourceTree = "<group>";
		};
		D7EC684F2886ECFD001C3D08 /* Start & Login */ = {
			isa = PBXGroup;
			children = (
				77C5961A285939B60086C25E /* StartScreen.swift */,
				77B54F2C285AAFD500217CD3 /* LoginScreen.swift */,
				771880AF288605630061C3B1 /* SignUpScreen.swift */,
				7397482C288A97230052E07A /* CreateAdminAccoutScreen.swift */,
			);
			path = "Start & Login";
			sourceTree = "<group>";
		};
		D7EC68502886ED37001C3D08 /* MainMenu */ = {
			isa = PBXGroup;
			children = (
				D731179D2885924800FD6997 /* MainScreenAdmin.swift */,
				D731179E2885924800FD6997 /* MainScreen.swift */,
			);
			path = MainMenu;
			sourceTree = "<group>";
		};
		D7EC68512886ED55001C3D08 /* Profile */ = {
			isa = PBXGroup;
			children = (
				77C5961C285939EE0086C25E /* ProfileScreen.swift */,
			);
			path = Profile;
			sourceTree = "<group>";
		};
		D7EC68522886ED79001C3D08 /* Styles */ = {
			isa = PBXGroup;
			children = (
				D7EC684D2886EB56001C3D08 /* GeneralButtonStyle.swift */,
			);
			path = Styles;
			sourceTree = "<group>";
		};
		D7EC68532886ED8E001C3D08 /* Transaction History */ = {
			isa = PBXGroup;
			children = (
				733523B42886988E007C0598 /* HistoryListView.swift */,
				733523BF2886A453007C0598 /* HistoryTransView.swift */,
				733523B52886988E007C0598 /* HistoryRow.swift */,
			);
			path = "Transaction History";
			sourceTree = "<group>";
		};
		D7EC68542886EDA6001C3D08 /* Edit Item */ = {
			isa = PBXGroup;
			children = (
				D74C36FB28776BB100510E18 /* EditItemView.swift */,
				D74C36F628776B4000510E18 /* EditItemListView.swift */,
				D74C36F528776B4000510E18 /* EditItemRow.swift */,
				D74C36F328776B2E00510E18 /* AddNewItemView.swift */,
			);
			path = "Edit Item";
			sourceTree = "<group>";
		};
		D7EC68552886EDC6001C3D08 /* Booking */ = {
			isa = PBXGroup;
			children = (
				D7B8F604285950BE0056B38D /* BookingView.swift */,
				D739785C285BA5BC000B7DC6 /* OrderScreen.swift */,
			);
			path = Booking;
			sourceTree = "<group>";
		};
		D7EC68562886EDDD001C3D08 /* Transactions */ = {
			isa = PBXGroup;
			children = (
				D73117992885522A00FD6997 /* ChargeMoneyScreen.swift */,
				D7EC68492886C24C001C3D08 /* SendMoneyView.swift */,
			);
			path = Transactions;
			sourceTree = "<group>";
		};
		D7EC68572886EDF3001C3D08 /* Utillities */ = {
			isa = PBXGroup;
			children = (
				D73640522889521C0076FC8B /* UserImageView.swift */,
				D7BED2AB288844C000B83D17 /* CoffeeImageView.swift */,
				D731179B28855CEF00FD6997 /* ShowAllUserScreen.swift */,
			);
			path = Utillities;
			sourceTree = "<group>";
		};
		F77D47F628254C8E00A898D4 = {
			isa = PBXGroup;
			children = (
				F77D480128254C8E00A898D4 /* kitchenApp */,
				F77D481228254C8F00A898D4 /* kitchenAppTests */,
				F77D481C28254C8F00A898D4 /* kitchenAppUITests */,
				F77D480028254C8E00A898D4 /* Products */,
			);
			sourceTree = "<group>";
		};
		F77D480028254C8E00A898D4 /* Products */ = {
			isa = PBXGroup;
			children = (
				F77D47FF28254C8E00A898D4 /* kitchenApp.app */,
				F77D480F28254C8F00A898D4 /* kitchenAppTests.xctest */,
				F77D481928254C8F00A898D4 /* kitchenAppUITests.xctest */,
			);
			name = Products;
			sourceTree = "<group>";
		};
		F77D480128254C8E00A898D4 /* kitchenApp */ = {
			isa = PBXGroup;
			children = (
				D7EC68522886ED79001C3D08 /* Styles */,
				776A4E5F2859E66F009B6FE6 /* Services */,
				776A4E5E2859DBE1009B6FE6 /* ViewModels */,
				776A4E5D2859DBD4009B6FE6 /* Models */,
				77C5962028593DBD0086C25E /* Views */,
				F77D480228254C8E00A898D4 /* kitchenAppApp.swift */,
				F77D480428254C8E00A898D4 /* ContentView.swift */,
				F77D480628254C8F00A898D4 /* Assets.xcassets */,
				F77D480828254C8F00A898D4 /* Preview Content */,
			);
			path = kitchenApp;
			sourceTree = "<group>";
		};
		F77D480828254C8F00A898D4 /* Preview Content */ = {
			isa = PBXGroup;
			children = (
				F77D480928254C8F00A898D4 /* Preview Assets.xcassets */,
			);
			path = "Preview Content";
			sourceTree = "<group>";
		};
		F77D481228254C8F00A898D4 /* kitchenAppTests */ = {
			isa = PBXGroup;
			children = (
				F77D481328254C8F00A898D4 /* kitchenAppTests.swift */,
			);
			path = kitchenAppTests;
			sourceTree = "<group>";
		};
		F77D481C28254C8F00A898D4 /* kitchenAppUITests */ = {
			isa = PBXGroup;
			children = (
				F77D481D28254C8F00A898D4 /* kitchenAppUITests.swift */,
				F77D481F28254C8F00A898D4 /* kitchenAppUITestsLaunchTests.swift */,
			);
			path = kitchenAppUITests;
			sourceTree = "<group>";
		};
/* End PBXGroup section */

/* Begin PBXNativeTarget section */
		F77D47FE28254C8E00A898D4 /* kitchenApp */ = {
			isa = PBXNativeTarget;
			buildConfigurationList = F77D482328254C8F00A898D4 /* Build configuration list for PBXNativeTarget "kitchenApp" */;
			buildPhases = (
				F77D47FB28254C8E00A898D4 /* Sources */,
				F77D47FC28254C8E00A898D4 /* Frameworks */,
				F77D47FD28254C8E00A898D4 /* Resources */,
			);
			buildRules = (
			);
			dependencies = (
			);
			name = kitchenApp;
			packageProductDependencies = (
				771880B4288750B80061C3B1 /* JWTDecode */,
				731962EA28884691009C051D /* AAInfographics */,
				77360F3F288AB3E0008E3FAB /* CodeScanner */,
			);
			productName = kitchenApp;
			productReference = F77D47FF28254C8E00A898D4 /* kitchenApp.app */;
			productType = "com.apple.product-type.application";
		};
		F77D480E28254C8F00A898D4 /* kitchenAppTests */ = {
			isa = PBXNativeTarget;
			buildConfigurationList = F77D482628254C8F00A898D4 /* Build configuration list for PBXNativeTarget "kitchenAppTests" */;
			buildPhases = (
				F77D480B28254C8F00A898D4 /* Sources */,
				F77D480C28254C8F00A898D4 /* Frameworks */,
				F77D480D28254C8F00A898D4 /* Resources */,
			);
			buildRules = (
			);
			dependencies = (
				F77D481128254C8F00A898D4 /* PBXTargetDependency */,
			);
			name = kitchenAppTests;
			productName = kitchenAppTests;
			productReference = F77D480F28254C8F00A898D4 /* kitchenAppTests.xctest */;
			productType = "com.apple.product-type.bundle.unit-test";
		};
		F77D481828254C8F00A898D4 /* kitchenAppUITests */ = {
			isa = PBXNativeTarget;
			buildConfigurationList = F77D482928254C8F00A898D4 /* Build configuration list for PBXNativeTarget "kitchenAppUITests" */;
			buildPhases = (
				F77D481528254C8F00A898D4 /* Sources */,
				F77D481628254C8F00A898D4 /* Frameworks */,
				F77D481728254C8F00A898D4 /* Resources */,
			);
			buildRules = (
			);
			dependencies = (
				F77D481B28254C8F00A898D4 /* PBXTargetDependency */,
			);
			name = kitchenAppUITests;
			productName = kitchenAppUITests;
			productReference = F77D481928254C8F00A898D4 /* kitchenAppUITests.xctest */;
			productType = "com.apple.product-type.bundle.ui-testing";
		};
/* End PBXNativeTarget section */

/* Begin PBXProject section */
		F77D47F728254C8E00A898D4 /* Project object */ = {
			isa = PBXProject;
			attributes = {
				BuildIndependentTargetsInParallel = 1;
				LastSwiftUpdateCheck = 1330;
				LastUpgradeCheck = 1330;
				TargetAttributes = {
					F77D47FE28254C8E00A898D4 = {
						CreatedOnToolsVersion = 13.3.1;
					};
					F77D480E28254C8F00A898D4 = {
						CreatedOnToolsVersion = 13.3.1;
						TestTargetID = F77D47FE28254C8E00A898D4;
					};
					F77D481828254C8F00A898D4 = {
						CreatedOnToolsVersion = 13.3.1;
						TestTargetID = F77D47FE28254C8E00A898D4;
					};
				};
			};
			buildConfigurationList = F77D47FA28254C8E00A898D4 /* Build configuration list for PBXProject "kitchenApp" */;
			compatibilityVersion = "Xcode 13.0";
			developmentRegion = en;
			hasScannedForEncodings = 0;
			knownRegions = (
				en,
				Base,
			);
			mainGroup = F77D47F628254C8E00A898D4;
			packageReferences = (
				771880B3288750B80061C3B1 /* XCRemoteSwiftPackageReference "JWTDecode" */,
				731962E928884691009C051D /* XCRemoteSwiftPackageReference "AAChartKit-Swift" */,
				77360F3E288AB3E0008E3FAB /* XCRemoteSwiftPackageReference "CodeScanner" */,
			);
			productRefGroup = F77D480028254C8E00A898D4 /* Products */;
			projectDirPath = "";
			projectRoot = "";
			targets = (
				F77D47FE28254C8E00A898D4 /* kitchenApp */,
				F77D480E28254C8F00A898D4 /* kitchenAppTests */,
				F77D481828254C8F00A898D4 /* kitchenAppUITests */,
			);
		};
/* End PBXProject section */

/* Begin PBXResourcesBuildPhase section */
		F77D47FD28254C8E00A898D4 /* Resources */ = {
			isa = PBXResourcesBuildPhase;
			buildActionMask = 2147483647;
			files = (
				F77D480A28254C8F00A898D4 /* Preview Assets.xcassets in Resources */,
				F77D480728254C8F00A898D4 /* Assets.xcassets in Resources */,
			);
			runOnlyForDeploymentPostprocessing = 0;
		};
		F77D480D28254C8F00A898D4 /* Resources */ = {
			isa = PBXResourcesBuildPhase;
			buildActionMask = 2147483647;
			files = (
			);
			runOnlyForDeploymentPostprocessing = 0;
		};
		F77D481728254C8F00A898D4 /* Resources */ = {
			isa = PBXResourcesBuildPhase;
			buildActionMask = 2147483647;
			files = (
			);
			runOnlyForDeploymentPostprocessing = 0;
		};
/* End PBXResourcesBuildPhase section */

/* Begin PBXSourcesBuildPhase section */
		F77D47FB28254C8E00A898D4 /* Sources */ = {
			isa = PBXSourcesBuildPhase;
			buildActionMask = 2147483647;
			files = (
				7345E4B3288943EF00C085EF /* Chart.swift in Sources */,
				733523BC288698A7007C0598 /* History.swift in Sources */,
				D7B8F605285950BE0056B38D /* BookingView.swift in Sources */,
				733523C02886A453007C0598 /* HistoryTransView.swift in Sources */,
				7397482D288A97230052E07A /* CreateAdminAccoutScreen.swift in Sources */,
				D73640532889521C0076FC8B /* UserImageView.swift in Sources */,
				D745480828786C080074EC74 /* Order.swift in Sources */,
				D739785D285BA5BC000B7DC6 /* OrderScreen.swift in Sources */,
				D74C36EE28776AFC00510E18 /* ModelData.swift in Sources */,
				F77D480528254C8E00A898D4 /* ContentView.swift in Sources */,
				D73117A02885924800FD6997 /* MainScreen.swift in Sources */,
				77AD4A53288459D500134BF7 /* UserProfile.swift in Sources */,
				77594D65288AB14700104F06 /* HistoryItemRowView.swift in Sources */,
				D74C36FC28776BB100510E18 /* EditItemView.swift in Sources */,
				77594D63288AB11B00104F06 /* ScannedItem.swift in Sources */,
				D731179C28855CEF00FD6997 /* ShowAllUserScreen.swift in Sources */,
				77594D61288AB0F700104F06 /* ScanScreen.swift in Sources */,
				7345E4B12889430400C085EF /* ChartView.swift in Sources */,
				7345E4AF288942B800C085EF /* testView.swift in Sources */,
				F77D480328254C8E00A898D4 /* kitchenAppApp.swift in Sources */,
				D7BED2AC288844C000B83D17 /* CoffeeImageView.swift in Sources */,
				776A4E612859E6D0009B6FE6 /* Webservice.swift in Sources */,
				D74C36F028776B0A00510E18 /* UpdateItem.swift in Sources */,
				77C5961B285939B60086C25E /* StartScreen.swift in Sources */,
				77594D67288AB16300104F06 /* CreateHistory.swift in Sources */,
				D74C36F828776B4000510E18 /* EditItemListView.swift in Sources */,
				73196291288808C4009C051D /* Bar.swift in Sources */,
				733523B82886988E007C0598 /* HistoryListView.swift in Sources */,
				D731179F2885924800FD6997 /* MainScreenAdmin.swift in Sources */,
				771880B2288616EC0061C3B1 /* SignUpViewModel.swift in Sources */,
				D7EC684E2886EB56001C3D08 /* GeneralButtonStyle.swift in Sources */,
				D745480A28786D0B0074EC74 /* OrderViewModel.swift in Sources */,
				776A4E652859EF1F009B6FE6 /* LoginViewModel.swift in Sources */,
				733523B92886988E007C0598 /* HistoryRow.swift in Sources */,
				D74C36F228776B2000510E18 /* Item.swift in Sources */,
				D74C36F428776B2E00510E18 /* AddNewItemView.swift in Sources */,
				77C5961D285939EE0086C25E /* ProfileScreen.swift in Sources */,
				D7EC684A2886C24C001C3D08 /* SendMoneyView.swift in Sources */,
				77AD4A512884599F00134BF7 /* ProfileViewModel.swift in Sources */,
				771880B0288605630061C3B1 /* SignUpScreen.swift in Sources */,
				D731179A2885522A00FD6997 /* ChargeMoneyScreen.swift in Sources */,
				77B54F2D285AAFD500217CD3 /* LoginScreen.swift in Sources */,
				D74C36F728776B4000510E18 /* EditItemRow.swift in Sources */,
				776A4E632859ECB5009B6FE6 /* User.swift in Sources */,
			);
			runOnlyForDeploymentPostprocessing = 0;
		};
		F77D480B28254C8F00A898D4 /* Sources */ = {
			isa = PBXSourcesBuildPhase;
			buildActionMask = 2147483647;
			files = (
				F77D481428254C8F00A898D4 /* kitchenAppTests.swift in Sources */,
			);
			runOnlyForDeploymentPostprocessing = 0;
		};
		F77D481528254C8F00A898D4 /* Sources */ = {
			isa = PBXSourcesBuildPhase;
			buildActionMask = 2147483647;
			files = (
				F77D481E28254C8F00A898D4 /* kitchenAppUITests.swift in Sources */,
				F77D482028254C8F00A898D4 /* kitchenAppUITestsLaunchTests.swift in Sources */,
			);
			runOnlyForDeploymentPostprocessing = 0;
		};
/* End PBXSourcesBuildPhase section */

/* Begin PBXTargetDependency section */
		F77D481128254C8F00A898D4 /* PBXTargetDependency */ = {
			isa = PBXTargetDependency;
			target = F77D47FE28254C8E00A898D4 /* kitchenApp */;
			targetProxy = F77D481028254C8F00A898D4 /* PBXContainerItemProxy */;
		};
		F77D481B28254C8F00A898D4 /* PBXTargetDependency */ = {
			isa = PBXTargetDependency;
			target = F77D47FE28254C8E00A898D4 /* kitchenApp */;
			targetProxy = F77D481A28254C8F00A898D4 /* PBXContainerItemProxy */;
		};
/* End PBXTargetDependency section */

/* Begin XCBuildConfiguration section */
		F77D482128254C8F00A898D4 /* Debug */ = {
			isa = XCBuildConfiguration;
			buildSettings = {
				ALWAYS_SEARCH_USER_PATHS = NO;
				CLANG_ANALYZER_NONNULL = YES;
				CLANG_ANALYZER_NUMBER_OBJECT_CONVERSION = YES_AGGRESSIVE;
				CLANG_CXX_LANGUAGE_STANDARD = "gnu++17";
				CLANG_ENABLE_MODULES = YES;
				CLANG_ENABLE_OBJC_ARC = YES;
				CLANG_ENABLE_OBJC_WEAK = YES;
				CLANG_WARN_BLOCK_CAPTURE_AUTORELEASING = YES;
				CLANG_WARN_BOOL_CONVERSION = YES;
				CLANG_WARN_COMMA = YES;
				CLANG_WARN_CONSTANT_CONVERSION = YES;
				CLANG_WARN_DEPRECATED_OBJC_IMPLEMENTATIONS = YES;
				CLANG_WARN_DIRECT_OBJC_ISA_USAGE = YES_ERROR;
				CLANG_WARN_DOCUMENTATION_COMMENTS = YES;
				CLANG_WARN_EMPTY_BODY = YES;
				CLANG_WARN_ENUM_CONVERSION = YES;
				CLANG_WARN_INFINITE_RECURSION = YES;
				CLANG_WARN_INT_CONVERSION = YES;
				CLANG_WARN_NON_LITERAL_NULL_CONVERSION = YES;
				CLANG_WARN_OBJC_IMPLICIT_RETAIN_SELF = YES;
				CLANG_WARN_OBJC_LITERAL_CONVERSION = YES;
				CLANG_WARN_OBJC_ROOT_CLASS = YES_ERROR;
				CLANG_WARN_QUOTED_INCLUDE_IN_FRAMEWORK_HEADER = YES;
				CLANG_WARN_RANGE_LOOP_ANALYSIS = YES;
				CLANG_WARN_STRICT_PROTOTYPES = YES;
				CLANG_WARN_SUSPICIOUS_MOVE = YES;
				CLANG_WARN_UNGUARDED_AVAILABILITY = YES_AGGRESSIVE;
				CLANG_WARN_UNREACHABLE_CODE = YES;
				CLANG_WARN__DUPLICATE_METHOD_MATCH = YES;
				COPY_PHASE_STRIP = NO;
				DEBUG_INFORMATION_FORMAT = dwarf;
				ENABLE_STRICT_OBJC_MSGSEND = YES;
				ENABLE_TESTABILITY = YES;
				GCC_C_LANGUAGE_STANDARD = gnu11;
				GCC_DYNAMIC_NO_PIC = NO;
				GCC_NO_COMMON_BLOCKS = YES;
				GCC_OPTIMIZATION_LEVEL = 0;
				GCC_PREPROCESSOR_DEFINITIONS = (
					"DEBUG=1",
					"$(inherited)",
				);
				GCC_WARN_64_TO_32_BIT_CONVERSION = YES;
				GCC_WARN_ABOUT_RETURN_TYPE = YES_ERROR;
				GCC_WARN_UNDECLARED_SELECTOR = YES;
				GCC_WARN_UNINITIALIZED_AUTOS = YES_AGGRESSIVE;
				GCC_WARN_UNUSED_FUNCTION = YES;
				GCC_WARN_UNUSED_VARIABLE = YES;
				IPHONEOS_DEPLOYMENT_TARGET = 15.4;
				MTL_ENABLE_DEBUG_INFO = INCLUDE_SOURCE;
				MTL_FAST_MATH = YES;
				ONLY_ACTIVE_ARCH = YES;
				SDKROOT = iphoneos;
				SWIFT_ACTIVE_COMPILATION_CONDITIONS = DEBUG;
				SWIFT_OPTIMIZATION_LEVEL = "-Onone";
			};
			name = Debug;
		};
		F77D482228254C8F00A898D4 /* Release */ = {
			isa = XCBuildConfiguration;
			buildSettings = {
				ALWAYS_SEARCH_USER_PATHS = NO;
				CLANG_ANALYZER_NONNULL = YES;
				CLANG_ANALYZER_NUMBER_OBJECT_CONVERSION = YES_AGGRESSIVE;
				CLANG_CXX_LANGUAGE_STANDARD = "gnu++17";
				CLANG_ENABLE_MODULES = YES;
				CLANG_ENABLE_OBJC_ARC = YES;
				CLANG_ENABLE_OBJC_WEAK = YES;
				CLANG_WARN_BLOCK_CAPTURE_AUTORELEASING = YES;
				CLANG_WARN_BOOL_CONVERSION = YES;
				CLANG_WARN_COMMA = YES;
				CLANG_WARN_CONSTANT_CONVERSION = YES;
				CLANG_WARN_DEPRECATED_OBJC_IMPLEMENTATIONS = YES;
				CLANG_WARN_DIRECT_OBJC_ISA_USAGE = YES_ERROR;
				CLANG_WARN_DOCUMENTATION_COMMENTS = YES;
				CLANG_WARN_EMPTY_BODY = YES;
				CLANG_WARN_ENUM_CONVERSION = YES;
				CLANG_WARN_INFINITE_RECURSION = YES;
				CLANG_WARN_INT_CONVERSION = YES;
				CLANG_WARN_NON_LITERAL_NULL_CONVERSION = YES;
				CLANG_WARN_OBJC_IMPLICIT_RETAIN_SELF = YES;
				CLANG_WARN_OBJC_LITERAL_CONVERSION = YES;
				CLANG_WARN_OBJC_ROOT_CLASS = YES_ERROR;
				CLANG_WARN_QUOTED_INCLUDE_IN_FRAMEWORK_HEADER = YES;
				CLANG_WARN_RANGE_LOOP_ANALYSIS = YES;
				CLANG_WARN_STRICT_PROTOTYPES = YES;
				CLANG_WARN_SUSPICIOUS_MOVE = YES;
				CLANG_WARN_UNGUARDED_AVAILABILITY = YES_AGGRESSIVE;
				CLANG_WARN_UNREACHABLE_CODE = YES;
				CLANG_WARN__DUPLICATE_METHOD_MATCH = YES;
				COPY_PHASE_STRIP = NO;
				DEBUG_INFORMATION_FORMAT = "dwarf-with-dsym";
				ENABLE_NS_ASSERTIONS = NO;
				ENABLE_STRICT_OBJC_MSGSEND = YES;
				GCC_C_LANGUAGE_STANDARD = gnu11;
				GCC_NO_COMMON_BLOCKS = YES;
				GCC_WARN_64_TO_32_BIT_CONVERSION = YES;
				GCC_WARN_ABOUT_RETURN_TYPE = YES_ERROR;
				GCC_WARN_UNDECLARED_SELECTOR = YES;
				GCC_WARN_UNINITIALIZED_AUTOS = YES_AGGRESSIVE;
				GCC_WARN_UNUSED_FUNCTION = YES;
				GCC_WARN_UNUSED_VARIABLE = YES;
				IPHONEOS_DEPLOYMENT_TARGET = 15.4;
				MTL_ENABLE_DEBUG_INFO = NO;
				MTL_FAST_MATH = YES;
				SDKROOT = iphoneos;
				SWIFT_COMPILATION_MODE = wholemodule;
				SWIFT_OPTIMIZATION_LEVEL = "-O";
				VALIDATE_PRODUCT = YES;
			};
			name = Release;
		};
		F77D482428254C8F00A898D4 /* Debug */ = {
			isa = XCBuildConfiguration;
			buildSettings = {
				ASSETCATALOG_COMPILER_APPICON_NAME = AppIcon;
				ASSETCATALOG_COMPILER_GLOBAL_ACCENT_COLOR_NAME = AccentColor;
				CODE_SIGN_STYLE = Automatic;
				CURRENT_PROJECT_VERSION = 1;
				DEVELOPMENT_ASSET_PATHS = "\"kitchenApp/Preview Content\"";
				DEVELOPMENT_TEAM = SX9WU824N2;
				ENABLE_PREVIEWS = YES;
				GENERATE_INFOPLIST_FILE = YES;
				INFOPLIST_KEY_UIApplicationSceneManifest_Generation = YES;
				INFOPLIST_KEY_UIApplicationSupportsIndirectInputEvents = YES;
				INFOPLIST_KEY_UILaunchScreen_Generation = YES;
				INFOPLIST_KEY_UISupportedInterfaceOrientations_iPad = "UIInterfaceOrientationPortrait UIInterfaceOrientationPortraitUpsideDown UIInterfaceOrientationLandscapeLeft UIInterfaceOrientationLandscapeRight";
				INFOPLIST_KEY_UISupportedInterfaceOrientations_iPhone = "UIInterfaceOrientationPortrait UIInterfaceOrientationLandscapeLeft UIInterfaceOrientationLandscapeRight";
				LD_RUNPATH_SEARCH_PATHS = (
					"$(inherited)",
					"@executable_path/Frameworks",
				);
				MARKETING_VERSION = 1.0;
				PRODUCT_BUNDLE_IDENTIFIER = kitchenApp;
				PRODUCT_NAME = "$(TARGET_NAME)";
				SWIFT_EMIT_LOC_STRINGS = YES;
				SWIFT_VERSION = 5.0;
				TARGETED_DEVICE_FAMILY = "1,2";
			};
			name = Debug;
		};
		F77D482528254C8F00A898D4 /* Release */ = {
			isa = XCBuildConfiguration;
			buildSettings = {
				ASSETCATALOG_COMPILER_APPICON_NAME = AppIcon;
				ASSETCATALOG_COMPILER_GLOBAL_ACCENT_COLOR_NAME = AccentColor;
				CODE_SIGN_STYLE = Automatic;
				CURRENT_PROJECT_VERSION = 1;
				DEVELOPMENT_ASSET_PATHS = "\"kitchenApp/Preview Content\"";
				DEVELOPMENT_TEAM = SX9WU824N2;
				ENABLE_PREVIEWS = YES;
				GENERATE_INFOPLIST_FILE = YES;
				INFOPLIST_KEY_UIApplicationSceneManifest_Generation = YES;
				INFOPLIST_KEY_UIApplicationSupportsIndirectInputEvents = YES;
				INFOPLIST_KEY_UILaunchScreen_Generation = YES;
				INFOPLIST_KEY_UISupportedInterfaceOrientations_iPad = "UIInterfaceOrientationPortrait UIInterfaceOrientationPortraitUpsideDown UIInterfaceOrientationLandscapeLeft UIInterfaceOrientationLandscapeRight";
				INFOPLIST_KEY_UISupportedInterfaceOrientations_iPhone = "UIInterfaceOrientationPortrait UIInterfaceOrientationLandscapeLeft UIInterfaceOrientationLandscapeRight";
				LD_RUNPATH_SEARCH_PATHS = (
					"$(inherited)",
					"@executable_path/Frameworks",
				);
				MARKETING_VERSION = 1.0;
				PRODUCT_BUNDLE_IDENTIFIER = kitchenApp;
				PRODUCT_NAME = "$(TARGET_NAME)";
				SWIFT_EMIT_LOC_STRINGS = YES;
				SWIFT_VERSION = 5.0;
				TARGETED_DEVICE_FAMILY = "1,2";
			};
			name = Release;
		};
		F77D482728254C8F00A898D4 /* Debug */ = {
			isa = XCBuildConfiguration;
			buildSettings = {
				ALWAYS_EMBED_SWIFT_STANDARD_LIBRARIES = YES;
				BUNDLE_LOADER = "$(TEST_HOST)";
				CODE_SIGN_STYLE = Automatic;
				CURRENT_PROJECT_VERSION = 1;
				GENERATE_INFOPLIST_FILE = YES;
				IPHONEOS_DEPLOYMENT_TARGET = 15.4;
				MARKETING_VERSION = 1.0;
				PRODUCT_BUNDLE_IDENTIFIER = Willi.kitchenAppTests;
				PRODUCT_NAME = "$(TARGET_NAME)";
				SWIFT_EMIT_LOC_STRINGS = NO;
				SWIFT_VERSION = 5.0;
				TARGETED_DEVICE_FAMILY = "1,2";
				TEST_HOST = "$(BUILT_PRODUCTS_DIR)/kitchenApp.app/kitchenApp";
			};
			name = Debug;
		};
		F77D482828254C8F00A898D4 /* Release */ = {
			isa = XCBuildConfiguration;
			buildSettings = {
				ALWAYS_EMBED_SWIFT_STANDARD_LIBRARIES = YES;
				BUNDLE_LOADER = "$(TEST_HOST)";
				CODE_SIGN_STYLE = Automatic;
				CURRENT_PROJECT_VERSION = 1;
				GENERATE_INFOPLIST_FILE = YES;
				IPHONEOS_DEPLOYMENT_TARGET = 15.4;
				MARKETING_VERSION = 1.0;
				PRODUCT_BUNDLE_IDENTIFIER = Willi.kitchenAppTests;
				PRODUCT_NAME = "$(TARGET_NAME)";
				SWIFT_EMIT_LOC_STRINGS = NO;
				SWIFT_VERSION = 5.0;
				TARGETED_DEVICE_FAMILY = "1,2";
				TEST_HOST = "$(BUILT_PRODUCTS_DIR)/kitchenApp.app/kitchenApp";
			};
			name = Release;
		};
		F77D482A28254C8F00A898D4 /* Debug */ = {
			isa = XCBuildConfiguration;
			buildSettings = {
				ALWAYS_EMBED_SWIFT_STANDARD_LIBRARIES = YES;
				CODE_SIGN_STYLE = Automatic;
				CURRENT_PROJECT_VERSION = 1;
				GENERATE_INFOPLIST_FILE = YES;
				MARKETING_VERSION = 1.0;
				PRODUCT_BUNDLE_IDENTIFIER = Willi.kitchenAppUITests;
				PRODUCT_NAME = "$(TARGET_NAME)";
				SWIFT_EMIT_LOC_STRINGS = NO;
				SWIFT_VERSION = 5.0;
				TARGETED_DEVICE_FAMILY = "1,2";
				TEST_TARGET_NAME = kitchenApp;
			};
			name = Debug;
		};
		F77D482B28254C8F00A898D4 /* Release */ = {
			isa = XCBuildConfiguration;
			buildSettings = {
				ALWAYS_EMBED_SWIFT_STANDARD_LIBRARIES = YES;
				CODE_SIGN_STYLE = Automatic;
				CURRENT_PROJECT_VERSION = 1;
				GENERATE_INFOPLIST_FILE = YES;
				MARKETING_VERSION = 1.0;
				PRODUCT_BUNDLE_IDENTIFIER = Willi.kitchenAppUITests;
				PRODUCT_NAME = "$(TARGET_NAME)";
				SWIFT_EMIT_LOC_STRINGS = NO;
				SWIFT_VERSION = 5.0;
				TARGETED_DEVICE_FAMILY = "1,2";
				TEST_TARGET_NAME = kitchenApp;
			};
			name = Release;
		};
/* End XCBuildConfiguration section */

/* Begin XCConfigurationList section */
		F77D47FA28254C8E00A898D4 /* Build configuration list for PBXProject "kitchenApp" */ = {
			isa = XCConfigurationList;
			buildConfigurations = (
				F77D482128254C8F00A898D4 /* Debug */,
				F77D482228254C8F00A898D4 /* Release */,
			);
			defaultConfigurationIsVisible = 0;
			defaultConfigurationName = Release;
		};
		F77D482328254C8F00A898D4 /* Build configuration list for PBXNativeTarget "kitchenApp" */ = {
			isa = XCConfigurationList;
			buildConfigurations = (
				F77D482428254C8F00A898D4 /* Debug */,
				F77D482528254C8F00A898D4 /* Release */,
			);
			defaultConfigurationIsVisible = 0;
			defaultConfigurationName = Release;
		};
		F77D482628254C8F00A898D4 /* Build configuration list for PBXNativeTarget "kitchenAppTests" */ = {
			isa = XCConfigurationList;
			buildConfigurations = (
				F77D482728254C8F00A898D4 /* Debug */,
				F77D482828254C8F00A898D4 /* Release */,
			);
			defaultConfigurationIsVisible = 0;
			defaultConfigurationName = Release;
		};
		F77D482928254C8F00A898D4 /* Build configuration list for PBXNativeTarget "kitchenAppUITests" */ = {
			isa = XCConfigurationList;
			buildConfigurations = (
				F77D482A28254C8F00A898D4 /* Debug */,
				F77D482B28254C8F00A898D4 /* Release */,
			);
			defaultConfigurationIsVisible = 0;
			defaultConfigurationName = Release;
		};
/* End XCConfigurationList section */

/* Begin XCRemoteSwiftPackageReference section */
		731962E928884691009C051D /* XCRemoteSwiftPackageReference "AAChartKit-Swift" */ = {
			isa = XCRemoteSwiftPackageReference;
			repositoryURL = "https://github.com/AAChartModel/AAChartKit-Swift.git";
			requirement = {
				kind = upToNextMajorVersion;
				minimumVersion = 7.0.0;
			};
		};
		771880B3288750B80061C3B1 /* XCRemoteSwiftPackageReference "JWTDecode" */ = {
			isa = XCRemoteSwiftPackageReference;
			repositoryURL = "https://github.com/auth0/JWTDecode.swift";
			requirement = {
				kind = upToNextMajorVersion;
				minimumVersion = 2.0.0;
			};
		};
		77360F3E288AB3E0008E3FAB /* XCRemoteSwiftPackageReference "CodeScanner" */ = {
			isa = XCRemoteSwiftPackageReference;
			repositoryURL = "https://github.com/twostraws/CodeScanner.git";
			requirement = {
				kind = upToNextMajorVersion;
				minimumVersion = 2.0.0;
			};
		};
/* End XCRemoteSwiftPackageReference section */

/* Begin XCSwiftPackageProductDependency section */
		731962EA28884691009C051D /* AAInfographics */ = {
			isa = XCSwiftPackageProductDependency;
			package = 731962E928884691009C051D /* XCRemoteSwiftPackageReference "AAChartKit-Swift" */;
			productName = AAInfographics;
		};
		771880B4288750B80061C3B1 /* JWTDecode */ = {
			isa = XCSwiftPackageProductDependency;
			package = 771880B3288750B80061C3B1 /* XCRemoteSwiftPackageReference "JWTDecode" */;
			productName = JWTDecode;
		};
		77360F3F288AB3E0008E3FAB /* CodeScanner */ = {
			isa = XCSwiftPackageProductDependency;
			package = 77360F3E288AB3E0008E3FAB /* XCRemoteSwiftPackageReference "CodeScanner" */;
			productName = CodeScanner;
		};
/* End XCSwiftPackageProductDependency section */
	};
	rootObject = F77D47F728254C8E00A898D4 /* Project object */;
}
